
Microsoft Visual Studio Solution File, Format Version 12.00
# Visual Studio Version 17
VisualStudioVersion = 17.13.35825.156 d17.13
MinimumVisualStudioVersion = 10.0.40219.1
Project("{FAE04EC0-301F-11D3-BF4B-00C04F79EFBC}") = "RealEstate", "RealEstate.csproj", "{B43E070C-C4A1-4B64-81FA-DC1518A46869}"
EndProject
Global
	GlobalSection(SolutionConfigurationPlatforms) = preSolution
		Debug|Any CPU = Debug|Any CPU
		Release|Any CPU = Release|Any CPU
	EndGlobalSection
	GlobalSection(ProjectConfigurationPlatforms) = postSolution
		{B43E070C-C4A1-4B64-81FA-DC1518A46869}.Debug|Any CPU.ActiveCfg = Debug|Any CPU
		{B43E070C-C4A1-4B64-81FA-DC1518A46869}.Debug|Any CPU.Build.0 = Debug|Any CPU
		{B43E070C-C4A1-4B64-81FA-DC1518A46869}.Release|Any CPU.ActiveCfg = Release|Any CPU
		{B43E070C-C4A1-4B64-81FA-DC1518A46869}.Release|Any CPU.Build.0 = Release|Any CPU
	EndGlobalSection
	GlobalSection(SolutionProperties) = preSolution
		HideSolutionNode = FALSE
	EndGlobalSection
	GlobalSection(ExtensibilityGlobals) = postSolution
		SolutionGuid = {C899C8E5-341C-4A39-AED8-FE308AD479E8}
	EndGlobalSection
EndGlobal
